
Microsoft Visual Studio Solution File, Format Version 12.00
# Visual Studio Version 16
VisualStudioVersion = 16.0.30320.27
MinimumVisualStudioVersion = 10.0.40219.1
Project("{FAE04EC0-301F-11D3-BF4B-00C04F79EFBC}") = "Casting", "Casting\Casting.csproj", "{045CA164-E57F-45EB-B1F1-B6AA8AD3FC1B}"
EndProject
Global
	GlobalSection(SolutionConfigurationPlatforms) = preSolution
		Debug|Any CPU = Debug|Any CPU
		Release|Any CPU = Release|Any CPU
	EndGlobalSection
	GlobalSection(ProjectConfigurationPlatforms) = postSolution
		{045CA164-E57F-45EB-B1F1-B6AA8AD3FC1B}.Debug|Any CPU.ActiveCfg = Debug|Any CPU
		{045CA164-E57F-45EB-B1F1-B6AA8AD3FC1B}.Debug|Any CPU.Build.0 = Debug|Any CPU
		{045CA164-E57F-45EB-B1F1-B6AA8AD3FC1B}.Release|Any CPU.ActiveCfg = Release|Any CPU
		{045CA164-E57F-45EB-B1F1-B6AA8AD3FC1B}.Release|Any CPU.Build.0 = Release|Any CPU
	EndGlobalSection
	GlobalSection(SolutionProperties) = preSolution
		HideSolutionNode = FALSE
	EndGlobalSection
	GlobalSection(ExtensibilityGlobals) = postSolution
		SolutionGuid = {645E7E92-6DB1-4CCD-966E-0716F10C27DB}
	EndGlobalSection
EndGlobal
