
Microsoft Visual Studio Solution File, Format Version 12.00
# Visual Studio Version 16
VisualStudioVersion = 16.0.30523.141
MinimumVisualStudioVersion = 10.0.40219.1
Project("{FAE04EC0-301F-11D3-BF4B-00C04F79EFBC}") = "NamedAndOptionalParametersMethods", "NamedAndOptionalParametersMethods\NamedAndOptionalParametersMethods.csproj", "{D779B7AF-9BA9-4947-8BC8-283F6C98285F}"
EndProject
Project("{FAE04EC0-301F-11D3-BF4B-00C04F79EFBC}") = "Sales", "Sales\Sales.csproj", "{C33A337F-0DD0-4082-9221-4E4300D2B540}"
EndProject
Project("{FAE04EC0-301F-11D3-BF4B-00C04F79EFBC}") = "PlayingWithStrings", "PlayingWithStrings\PlayingWithStrings.csproj", "{2535AE3E-17B6-45FE-8619-68A95C0FCA96}"
EndProject
Global
	GlobalSection(SolutionConfigurationPlatforms) = preSolution
		Debug|Any CPU = Debug|Any CPU
		Release|Any CPU = Release|Any CPU
	EndGlobalSection
	GlobalSection(ProjectConfigurationPlatforms) = postSolution
		{D779B7AF-9BA9-4947-8BC8-283F6C98285F}.Debug|Any CPU.ActiveCfg = Debug|Any CPU
		{D779B7AF-9BA9-4947-8BC8-283F6C98285F}.Debug|Any CPU.Build.0 = Debug|Any CPU
		{D779B7AF-9BA9-4947-8BC8-283F6C98285F}.Release|Any CPU.ActiveCfg = Release|Any CPU
		{D779B7AF-9BA9-4947-8BC8-283F6C98285F}.Release|Any CPU.Build.0 = Release|Any CPU
		{C33A337F-0DD0-4082-9221-4E4300D2B540}.Debug|Any CPU.ActiveCfg = Debug|Any CPU
		{C33A337F-0DD0-4082-9221-4E4300D2B540}.Debug|Any CPU.Build.0 = Debug|Any CPU
		{C33A337F-0DD0-4082-9221-4E4300D2B540}.Release|Any CPU.ActiveCfg = Release|Any CPU
		{C33A337F-0DD0-4082-9221-4E4300D2B540}.Release|Any CPU.Build.0 = Release|Any CPU
		{2535AE3E-17B6-45FE-8619-68A95C0FCA96}.Debug|Any CPU.ActiveCfg = Debug|Any CPU
		{2535AE3E-17B6-45FE-8619-68A95C0FCA96}.Debug|Any CPU.Build.0 = Debug|Any CPU
		{2535AE3E-17B6-45FE-8619-68A95C0FCA96}.Release|Any CPU.ActiveCfg = Release|Any CPU
		{2535AE3E-17B6-45FE-8619-68A95C0FCA96}.Release|Any CPU.Build.0 = Release|Any CPU
	EndGlobalSection
	GlobalSection(SolutionProperties) = preSolution
		HideSolutionNode = FALSE
	EndGlobalSection
	GlobalSection(ExtensibilityGlobals) = postSolution
		SolutionGuid = {CDCE9DD6-BD59-4691-940F-261C2E84A650}
	EndGlobalSection
EndGlobal
