
Microsoft Visual Studio Solution File, Format Version 12.00
# Visual Studio Version 16
VisualStudioVersion = 16.0.30523.141
MinimumVisualStudioVersion = 10.0.40219.1
Project("{FAE04EC0-301F-11D3-BF4B-00C04F79EFBC}") = "CarFactory", "CarFactory\CarFactory.csproj", "{462D7A6E-0BFE-4D3D-AB5E-10F182FA7303}"
EndProject
Project("{FAE04EC0-301F-11D3-BF4B-00C04F79EFBC}") = "NestedForLoop", "NestedForLoop\NestedForLoop.csproj", "{9CA71264-7237-45A1-91BA-66183F0E6573}"
EndProject
Global
	GlobalSection(SolutionConfigurationPlatforms) = preSolution
		Debug|Any CPU = Debug|Any CPU
		Release|Any CPU = Release|Any CPU
	EndGlobalSection
	GlobalSection(ProjectConfigurationPlatforms) = postSolution
		{462D7A6E-0BFE-4D3D-AB5E-10F182FA7303}.Debug|Any CPU.ActiveCfg = Debug|Any CPU
		{462D7A6E-0BFE-4D3D-AB5E-10F182FA7303}.Debug|Any CPU.Build.0 = Debug|Any CPU
		{462D7A6E-0BFE-4D3D-AB5E-10F182FA7303}.Release|Any CPU.ActiveCfg = Release|Any CPU
		{462D7A6E-0BFE-4D3D-AB5E-10F182FA7303}.Release|Any CPU.Build.0 = Release|Any CPU
		{9CA71264-7237-45A1-91BA-66183F0E6573}.Debug|Any CPU.ActiveCfg = Debug|Any CPU
		{9CA71264-7237-45A1-91BA-66183F0E6573}.Debug|Any CPU.Build.0 = Debug|Any CPU
		{9CA71264-7237-45A1-91BA-66183F0E6573}.Release|Any CPU.ActiveCfg = Release|Any CPU
		{9CA71264-7237-45A1-91BA-66183F0E6573}.Release|Any CPU.Build.0 = Release|Any CPU
	EndGlobalSection
	GlobalSection(SolutionProperties) = preSolution
		HideSolutionNode = FALSE
	EndGlobalSection
	GlobalSection(ExtensibilityGlobals) = postSolution
		SolutionGuid = {456F8B74-D0F9-4BE6-9249-477C8B88AA07}
	EndGlobalSection
EndGlobal
