
Microsoft Visual Studio Solution File, Format Version 12.00
# Visual Studio Version 16
VisualStudioVersion = 16.0.30320.27
MinimumVisualStudioVersion = 10.0.40219.1
Project("{FAE04EC0-301F-11D3-BF4B-00C04F79EFBC}") = "MoreMoreDecisions", "MoreMoreDecisions\MoreMoreDecisions.csproj", "{0184CF7D-53F0-467C-84AA-3C6AE0676ED1}"
EndProject
Global
	GlobalSection(SolutionConfigurationPlatforms) = preSolution
		Debug|Any CPU = Debug|Any CPU
		Release|Any CPU = Release|Any CPU
	EndGlobalSection
	GlobalSection(ProjectConfigurationPlatforms) = postSolution
		{0184CF7D-53F0-467C-84AA-3C6AE0676ED1}.Debug|Any CPU.ActiveCfg = Debug|Any CPU
		{0184CF7D-53F0-467C-84AA-3C6AE0676ED1}.Debug|Any CPU.Build.0 = Debug|Any CPU
		{0184CF7D-53F0-467C-84AA-3C6AE0676ED1}.Release|Any CPU.ActiveCfg = Release|Any CPU
		{0184CF7D-53F0-467C-84AA-3C6AE0676ED1}.Release|Any CPU.Build.0 = Release|Any CPU
	EndGlobalSection
	GlobalSection(SolutionProperties) = preSolution
		HideSolutionNode = FALSE
	EndGlobalSection
	GlobalSection(ExtensibilityGlobals) = postSolution
		SolutionGuid = {A811D656-9679-4A99-AA9D-44DF3A070333}
	EndGlobalSection
EndGlobal
